
Microsoft Visual Studio Solution File, Format Version 12.00
# Visual Studio Version 16
VisualStudioVersion = 16.0.30611.23
MinimumVisualStudioVersion = 10.0.40219.1
Project("{FAE04EC0-301F-11D3-BF4B-00C04F79EFBC}") = "restApi", "restApi\restApi.csproj", "{F4F619F2-7380-48E8-A9E1-B7CAC19FD258}"
EndProject
Global
	GlobalSection(SolutionConfigurationPlatforms) = preSolution
		Debug|Any CPU = Debug|Any CPU
		Release|Any CPU = Release|Any CPU
	EndGlobalSection
	GlobalSection(ProjectConfigurationPlatforms) = postSolution
		{F4F619F2-7380-48E8-A9E1-B7CAC19FD258}.Debug|Any CPU.ActiveCfg = Debug|Any CPU
		{F4F619F2-7380-48E8-A9E1-B7CAC19FD258}.Debug|Any CPU.Build.0 = Debug|Any CPU
		{F4F619F2-7380-48E8-A9E1-B7CAC19FD258}.Release|Any CPU.ActiveCfg = Release|Any CPU
		{F4F619F2-7380-48E8-A9E1-B7CAC19FD258}.Release|Any CPU.Build.0 = Release|Any CPU
	EndGlobalSection
	GlobalSection(SolutionProperties) = preSolution
		HideSolutionNode = FALSE
	EndGlobalSection
	GlobalSection(ExtensibilityGlobals) = postSolution
		SolutionGuid = {C1AC4512-987A-4215-AE21-F94158576952}
	EndGlobalSection
EndGlobal
